Microsoft Visual Studio Solution File, Format Version 12.00
# Visual Studio 15
VisualStudioVersion = 15.0.26730.16
MinimumVisualStudioVersion = 15.0.26124.0
Project("{9A19103F-16F7-4668-BE54-9A1E7A4F7556}") = "PrimeNumbersTests", "PrimeNumbersTests\PrimeNumbersTests.csproj", "{EA5D1DE8-192B-46DD-8085-C98089431E0F}"
EndProject
Project("{9A19103F-16F7-4668-BE54-9A1E7A4F7556}") = "PrimeConsole", "PrimeConsole\PrimeConsole.csproj", "{D4750FEE-F1E9-4601-B4D9-18D95328F7F6}"
EndProject
Project("{9A19103F-16F7-4668-BE54-9A1E7A4F7556}") = "PrimeNumbers", "PrimeNumbers\PrimeNumbers.csproj", "{19391AF3-220B-4CED-8F51-D95A9B475164}"
EndProject
Global
	GlobalSection(SolutionConfigurationPlatforms) = preSolution
		Debug|Any CPU = Debug|Any CPU
		Debug|x64 = Debug|x64
		Debug|x86 = Debug|x86
		Release|Any CPU = Release|Any CPU
		Release|x64 = Release|x64
		Release|x86 = Release|x86
	EndGlobalSection
	GlobalSection(ProjectConfigurationPlatforms) = postSolution
		{EA5D1DE8-192B-46DD-8085-C98089431E0F}.Debug|Any CPU.ActiveCfg = Debug|Any CPU
		{EA5D1DE8-192B-46DD-8085-C98089431E0F}.Debug|Any CPU.Build.0 = Debug|Any CPU
		{EA5D1DE8-192B-46DD-8085-C98089431E0F}.Debug|x64.ActiveCfg = Debug|Any CPU
		{EA5D1DE8-192B-46DD-8085-C98089431E0F}.Debug|x64.Build.0 = Debug|Any CPU
		{EA5D1DE8-192B-46DD-8085-C98089431E0F}.Debug|x86.ActiveCfg = Debug|Any CPU
		{EA5D1DE8-192B-46DD-8085-C98089431E0F}.Debug|x86.Build.0 = Debug|Any CPU
		{EA5D1DE8-192B-46DD-8085-C98089431E0F}.Release|Any CPU.ActiveCfg = Release|Any CPU
		{EA5D1DE8-192B-46DD-8085-C98089431E0F}.Release|Any CPU.Build.0 = Release|Any CPU
		{EA5D1DE8-192B-46DD-8085-C98089431E0F}.Release|x64.ActiveCfg = Release|Any CPU
		{EA5D1DE8-192B-46DD-8085-C98089431E0F}.Release|x64.Build.0 = Release|Any CPU
		{EA5D1DE8-192B-46DD-8085-C98089431E0F}.Release|x86.ActiveCfg = Release|Any CPU
		{EA5D1DE8-192B-46DD-8085-C98089431E0F}.Release|x86.Build.0 = Release|Any CPU
		{D4750FEE-F1E9-4601-B4D9-18D95328F7F6}.Debug|Any CPU.ActiveCfg = Debug|Any CPU
		{D4750FEE-F1E9-4601-B4D9-18D95328F7F6}.Debug|Any CPU.Build.0 = Debug|Any CPU
		{D4750FEE-F1E9-4601-B4D9-18D95328F7F6}.Debug|x64.ActiveCfg = Debug|Any CPU
		{D4750FEE-F1E9-4601-B4D9-18D95328F7F6}.Debug|x64.Build.0 = Debug|Any CPU
		{D4750FEE-F1E9-4601-B4D9-18D95328F7F6}.Debug|x86.ActiveCfg = Debug|Any CPU
		{D4750FEE-F1E9-4601-B4D9-18D95328F7F6}.Debug|x86.Build.0 = Debug|Any CPU
		{D4750FEE-F1E9-4601-B4D9-18D95328F7F6}.Release|Any CPU.ActiveCfg = Release|Any CPU
		{D4750FEE-F1E9-4601-B4D9-18D95328F7F6}.Release|Any CPU.Build.0 = Release|Any CPU
		{D4750FEE-F1E9-4601-B4D9-18D95328F7F6}.Release|x64.ActiveCfg = Release|Any CPU
		{D4750FEE-F1E9-4601-B4D9-18D95328F7F6}.Release|x64.Build.0 = Release|Any CPU
		{D4750FEE-F1E9-4601-B4D9-18D95328F7F6}.Release|x86.ActiveCfg = Release|Any CPU
		{D4750FEE-F1E9-4601-B4D9-18D95328F7F6}.Release|x86.Build.0 = Release|Any CPU
		{19391AF3-220B-4CED-8F51-D95A9B475164}.Debug|Any CPU.ActiveCfg = Debug|Any CPU
		{19391AF3-220B-4CED-8F51-D95A9B475164}.Debug|Any CPU.Build.0 = Debug|Any CPU
		{19391AF3-220B-4CED-8F51-D95A9B475164}.Debug|x64.ActiveCfg = Debug|Any CPU
		{19391AF3-220B-4CED-8F51-D95A9B475164}.Debug|x64.Build.0 = Debug|Any CPU
		{19391AF3-220B-4CED-8F51-D95A9B475164}.Debug|x86.ActiveCfg = Debug|Any CPU
		{19391AF3-220B-4CED-8F51-D95A9B475164}.Debug|x86.Build.0 = Debug|Any CPU
		{19391AF3-220B-4CED-8F51-D95A9B475164}.Release|Any CPU.ActiveCfg = Release|Any CPU
		{19391AF3-220B-4CED-8F51-D95A9B475164}.Release|Any CPU.Build.0 = Release|Any CPU
		{19391AF3-220B-4CED-8F51-D95A9B475164}.Release|x64.ActiveCfg = Release|Any CPU
		{19391AF3-220B-4CED-8F51-D95A9B475164}.Release|x64.Build.0 = Release|Any CPU
		{19391AF3-220B-4CED-8F51-D95A9B475164}.Release|x86.ActiveCfg = Release|Any CPU
		{19391AF3-220B-4CED-8F51-D95A9B475164}.Release|x86.Build.0 = Release|Any CPU
	EndGlobalSection
	GlobalSection(SolutionProperties) = preSolution
		HideSolutionNode = FALSE
	EndGlobalSection
	GlobalSection(ExtensibilityGlobals) = postSolution
		SolutionGuid = {C460E8DD-31A3-47F3-8F66-00A3B4CC40AD}
	EndGlobalSection
EndGlobal
